{
  "object": {
    "pins": [
      {
        "package": "SendBirdSDK",
        "repositoryURL": "https://github.com/sendbird/sendbird-chat-ios-spm",
        "state": {
          "branch": null,
          "revision": "3544b8aff6c946d1a33cc14bcb1743e6a983a260",
          "version": "3.1.0"
        }
      }
    ]
  },
  "version": 1
}
