{
  "originHash" : "6622809441b7f2d94f6ab9dd48913603342765157a268a60e701f49aa037ccd2",
  "pins" : [
    {
      "identity" : "sendbird-chat-sdk-ios",
      "kind" : "remoteSourceControl",
      "location" : "https://github.com/sendbird/sendbird-chat-sdk-ios",
      "state" : {
        "branch" : "release/4.25.3-beta.3",
        "revision" : "cd857fd602561a02f977a3e4597d04bc095267a9"
      }
    }
  ],
  "version" : 3
}
